
Microsoft Visual Studio Solution File, Format Version 12.00
# Visual Studio Version 17
VisualStudioVersion = 17.13.35806.99
MinimumVisualStudioVersion = 10.0.40219.1
Project("{FAE04EC0-301F-11D3-BF4B-00C04F79EFBC}") = "winform-app", "ejemplo1\winform-app.csproj", "{74E6AB8F-8939-457F-9C8A-A56D4C058C59}"
EndProject
Project("{FAE04EC0-301F-11D3-BF4B-00C04F79EFBC}") = "dominio", "dominio\dominio.csproj", "{04129026-3E47-46E3-90FD-25F8EB61F6BE}"
EndProject
Project("{FAE04EC0-301F-11D3-BF4B-00C04F79EFBC}") = "negocio", "negocio\negocio.csproj", "{B20498E9-4AE4-4A13-ABEE-2EB1F8FC7FF8}"
EndProject
Global
	GlobalSection(SolutionConfigurationPlatforms) = preSolution
		Debug|Any CPU = Debug|Any CPU
		Release|Any CPU = Release|Any CPU
	EndGlobalSection
	GlobalSection(ProjectConfigurationPlatforms) = postSolution
		{74E6AB8F-8939-457F-9C8A-A56D4C058C59}.Debug|Any CPU.ActiveCfg = Debug|Any CPU
		{74E6AB8F-8939-457F-9C8A-A56D4C058C59}.Debug|Any CPU.Build.0 = Debug|Any CPU
		{74E6AB8F-8939-457F-9C8A-A56D4C058C59}.Release|Any CPU.ActiveCfg = Release|Any CPU
		{74E6AB8F-8939-457F-9C8A-A56D4C058C59}.Release|Any CPU.Build.0 = Release|Any CPU
		{04129026-3E47-46E3-90FD-25F8EB61F6BE}.Debug|Any CPU.ActiveCfg = Debug|Any CPU
		{04129026-3E47-46E3-90FD-25F8EB61F6BE}.Debug|Any CPU.Build.0 = Debug|Any CPU
		{04129026-3E47-46E3-90FD-25F8EB61F6BE}.Release|Any CPU.ActiveCfg = Release|Any CPU
		{04129026-3E47-46E3-90FD-25F8EB61F6BE}.Release|Any CPU.Build.0 = Release|Any CPU
		{B20498E9-4AE4-4A13-ABEE-2EB1F8FC7FF8}.Debug|Any CPU.ActiveCfg = Debug|Any CPU
		{B20498E9-4AE4-4A13-ABEE-2EB1F8FC7FF8}.Debug|Any CPU.Build.0 = Debug|Any CPU
		{B20498E9-4AE4-4A13-ABEE-2EB1F8FC7FF8}.Release|Any CPU.ActiveCfg = Release|Any CPU
		{B20498E9-4AE4-4A13-ABEE-2EB1F8FC7FF8}.Release|Any CPU.Build.0 = Release|Any CPU
	EndGlobalSection
	GlobalSection(SolutionProperties) = preSolution
		HideSolutionNode = FALSE
	EndGlobalSection
	GlobalSection(ExtensibilityGlobals) = postSolution
		SolutionGuid = {33B4FA65-3B1F-4400-83B3-460690FD357E}
	EndGlobalSection
EndGlobal
